
Microsoft Visual Studio Solution File, Format Version 12.00
# Visual Studio Version 17
VisualStudioVersion = 17.10.34916.146
MinimumVisualStudioVersion = 10.0.40219.1
Project("{FAE04EC0-301F-11D3-BF4B-00C04F79EFBC}") = "DateAndTime", "DateAndTime\DateAndTime.csproj", "{DF6E356C-45FA-4FC2-90E8-DBDFD1B198CC}"
EndProject
Global
	GlobalSection(SolutionConfigurationPlatforms) = preSolution
		Debug|Any CPU = Debug|Any CPU
		Release|Any CPU = Release|Any CPU
	EndGlobalSection
	GlobalSection(ProjectConfigurationPlatforms) = postSolution
		{DF6E356C-45FA-4FC2-90E8-DBDFD1B198CC}.Debug|Any CPU.ActiveCfg = Debug|Any CPU
		{DF6E356C-45FA-4FC2-90E8-DBDFD1B198CC}.Debug|Any CPU.Build.0 = Debug|Any CPU
		{DF6E356C-45FA-4FC2-90E8-DBDFD1B198CC}.Release|Any CPU.ActiveCfg = Release|Any CPU
		{DF6E356C-45FA-4FC2-90E8-DBDFD1B198CC}.Release|Any CPU.Build.0 = Release|Any CPU
	EndGlobalSection
	GlobalSection(SolutionProperties) = preSolution
		HideSolutionNode = FALSE
	EndGlobalSection
	GlobalSection(ExtensibilityGlobals) = postSolution
		SolutionGuid = {5E5933BB-AEEE-4499-9816-7CEA2FB97615}
	EndGlobalSection
EndGlobal
